
Microsoft Visual Studio Solution File, Format Version 12.00
# Visual Studio Version 16
VisualStudioVersion = 16.0.30711.63
MinimumVisualStudioVersion = 10.0.40219.1
Project("{FAE04EC0-301F-11D3-BF4B-00C04F79EFBC}") = "HELPIS", "HELPIS\HELPIS.csproj", "{6F651BBB-2114-4788-8F7C-CF299346E788}"
EndProject
Global
	GlobalSection(SolutionConfigurationPlatforms) = preSolution
		Debug|Any CPU = Debug|Any CPU
		Release|Any CPU = Release|Any CPU
	EndGlobalSection
	GlobalSection(ProjectConfigurationPlatforms) = postSolution
		{6F651BBB-2114-4788-8F7C-CF299346E788}.Debug|Any CPU.ActiveCfg = Debug|Any CPU
		{6F651BBB-2114-4788-8F7C-CF299346E788}.Debug|Any CPU.Build.0 = Debug|Any CPU
		{6F651BBB-2114-4788-8F7C-CF299346E788}.Release|Any CPU.ActiveCfg = Release|Any CPU
		{6F651BBB-2114-4788-8F7C-CF299346E788}.Release|Any CPU.Build.0 = Release|Any CPU
	EndGlobalSection
	GlobalSection(SolutionProperties) = preSolution
		HideSolutionNode = FALSE
	EndGlobalSection
	GlobalSection(ExtensibilityGlobals) = postSolution
		SolutionGuid = {505DB206-D4DA-4081-BD87-AB988E8B238F}
	EndGlobalSection
EndGlobal
